
Microsoft Visual Studio Solution File, Format Version 12.00
# Visual Studio Version 17
VisualStudioVersion = 17.1.32319.34
MinimumVisualStudioVersion = 10.0.40219.1
Project("{9A19103F-16F7-4668-BE54-9A1E7A4F7556}") = "Oraculo", "Oraculo\Oraculo.csproj", "{2DDFC09A-48E3-4042-8835-A1DDAE071039}"
EndProject
Project("{9A19103F-16F7-4668-BE54-9A1E7A4F7556}") = "Oraculo.Api", "Oraculo.Api\Oraculo.Api.csproj", "{4AC6F9DD-23C0-4C70-885D-A6A46CC13070}"
EndProject
Project("{FAE04EC0-301F-11D3-BF4B-00C04F79EFBC}") = "Oraculo.Test", "Oraculo.Test\Oraculo.Test.csproj", "{22334CB1-CEC4-4D2A-A21F-7125CF7D57EE}"
EndProject
Global
	GlobalSection(SolutionConfigurationPlatforms) = preSolution
		Debug|Any CPU = Debug|Any CPU
		Release|Any CPU = Release|Any CPU
	EndGlobalSection
	GlobalSection(ProjectConfigurationPlatforms) = postSolution
		{2DDFC09A-48E3-4042-8835-A1DDAE071039}.Debug|Any CPU.ActiveCfg = Debug|Any CPU
		{2DDFC09A-48E3-4042-8835-A1DDAE071039}.Debug|Any CPU.Build.0 = Debug|Any CPU
		{2DDFC09A-48E3-4042-8835-A1DDAE071039}.Release|Any CPU.ActiveCfg = Release|Any CPU
		{2DDFC09A-48E3-4042-8835-A1DDAE071039}.Release|Any CPU.Build.0 = Release|Any CPU
		{4AC6F9DD-23C0-4C70-885D-A6A46CC13070}.Debug|Any CPU.ActiveCfg = Debug|Any CPU
		{4AC6F9DD-23C0-4C70-885D-A6A46CC13070}.Debug|Any CPU.Build.0 = Debug|Any CPU
		{4AC6F9DD-23C0-4C70-885D-A6A46CC13070}.Release|Any CPU.ActiveCfg = Release|Any CPU
		{4AC6F9DD-23C0-4C70-885D-A6A46CC13070}.Release|Any CPU.Build.0 = Release|Any CPU
		{22334CB1-CEC4-4D2A-A21F-7125CF7D57EE}.Debug|Any CPU.ActiveCfg = Debug|Any CPU
		{22334CB1-CEC4-4D2A-A21F-7125CF7D57EE}.Debug|Any CPU.Build.0 = Debug|Any CPU
		{22334CB1-CEC4-4D2A-A21F-7125CF7D57EE}.Release|Any CPU.ActiveCfg = Release|Any CPU
		{22334CB1-CEC4-4D2A-A21F-7125CF7D57EE}.Release|Any CPU.Build.0 = Release|Any CPU
	EndGlobalSection
	GlobalSection(SolutionProperties) = preSolution
		HideSolutionNode = FALSE
	EndGlobalSection
	GlobalSection(ExtensibilityGlobals) = postSolution
		SolutionGuid = {DF2F1F51-8E14-4A15-86B6-D3692B17B095}
	EndGlobalSection
EndGlobal
